<Solution>
  <Project Path="src/Microsoft.Build.Sql.Templates/Microsoft.Build.Sql.Templates.csproj" />
  <Project Path="src/Microsoft.Build.Sql/Microsoft.Build.Sql.csproj" />
  <Project Path="src/Microsoft.SqlServer.VectorData/SqlServer.csproj" />
  <Project Path="test/Microsoft.Build.Sql.Tests/Microsoft.Build.Sql.Tests.csproj" />
  <Project Path="test/Microsoft.SqlServer.VectorData.ConformanceTests/SqlServer.ConformanceTests.csproj" />
</Solution>
